<?xml version="1.0" encoding="utf-8"?>
<Project ToolsVersion="15.0" xmlns="http://schemas.microsoft.com/developer/msbuild/2003">
  <ItemGroup>
    <CustomBuild Include="E:\gitcode\Sinsy-NG\CMakeFiles\41e83be3a16eb780415c6b552c25b9de\generate.stamp.rule">
      <Filter>CMake Rules</Filter>
    </CustomBuild>
  </ItemGroup>
  <ItemGroup>
    <Filter Include="CMake Rules">
      <UniqueIdentifier>{B48E00B1-CBE9-3FB9-9249-2905C0A04E71}</UniqueIdentifier>
    </Filter>
  </ItemGroup>
</Project>
